
Microsoft Visual Studio Solution File, Format Version 12.00
# Visual Studio Version 17
VisualStudioVersion = 17.2.32630.192
MinimumVisualStudioVersion = 10.0.40219.1
Project("{9A19103F-16F7-4668-BE54-9A1E7A4F7556}") = "MyClass", "MyClass\MyClass.csproj", "{E4643690-304C-48B6-9943-229280EF8FDA}"
EndProject
Project("{9A19103F-16F7-4668-BE54-9A1E7A4F7556}") = "ApplicationCore", "ApplicationCore\ApplicationCore.csproj", "{A9194910-B002-45CD-B0D6-6166FE3AF279}"
EndProject
Project("{9A19103F-16F7-4668-BE54-9A1E7A4F7556}") = "Query", "Query\Query.csproj", "{E71966C2-8FC9-4D83-9F44-37A1BA6B2481}"
EndProject
Project("{FAE04EC0-301F-11D3-BF4B-00C04F79EFBC}") = "Command", "Command\Command.csproj", "{86B61373-5F88-4DC8-901F-E18D34805DFE}"
EndProject
Global
	GlobalSection(SolutionConfigurationPlatforms) = preSolution
		Debug|Any CPU = Debug|Any CPU
		Release|Any CPU = Release|Any CPU
	EndGlobalSection
	GlobalSection(ProjectConfigurationPlatforms) = postSolution
		{E4643690-304C-48B6-9943-229280EF8FDA}.Debug|Any CPU.ActiveCfg = Debug|Any CPU
		{E4643690-304C-48B6-9943-229280EF8FDA}.Debug|Any CPU.Build.0 = Debug|Any CPU
		{E4643690-304C-48B6-9943-229280EF8FDA}.Release|Any CPU.ActiveCfg = Release|Any CPU
		{E4643690-304C-48B6-9943-229280EF8FDA}.Release|Any CPU.Build.0 = Release|Any CPU
		{A9194910-B002-45CD-B0D6-6166FE3AF279}.Debug|Any CPU.ActiveCfg = Debug|Any CPU
		{A9194910-B002-45CD-B0D6-6166FE3AF279}.Debug|Any CPU.Build.0 = Debug|Any CPU
		{A9194910-B002-45CD-B0D6-6166FE3AF279}.Release|Any CPU.ActiveCfg = Release|Any CPU
		{A9194910-B002-45CD-B0D6-6166FE3AF279}.Release|Any CPU.Build.0 = Release|Any CPU
		{E71966C2-8FC9-4D83-9F44-37A1BA6B2481}.Debug|Any CPU.ActiveCfg = Debug|Any CPU
		{E71966C2-8FC9-4D83-9F44-37A1BA6B2481}.Debug|Any CPU.Build.0 = Debug|Any CPU
		{E71966C2-8FC9-4D83-9F44-37A1BA6B2481}.Release|Any CPU.ActiveCfg = Release|Any CPU
		{E71966C2-8FC9-4D83-9F44-37A1BA6B2481}.Release|Any CPU.Build.0 = Release|Any CPU
		{86B61373-5F88-4DC8-901F-E18D34805DFE}.Debug|Any CPU.ActiveCfg = Debug|Any CPU
		{86B61373-5F88-4DC8-901F-E18D34805DFE}.Debug|Any CPU.Build.0 = Debug|Any CPU
		{86B61373-5F88-4DC8-901F-E18D34805DFE}.Release|Any CPU.ActiveCfg = Release|Any CPU
		{86B61373-5F88-4DC8-901F-E18D34805DFE}.Release|Any CPU.Build.0 = Release|Any CPU
	EndGlobalSection
	GlobalSection(SolutionProperties) = preSolution
		HideSolutionNode = FALSE
	EndGlobalSection
	GlobalSection(ExtensibilityGlobals) = postSolution
		SolutionGuid = {AF39532A-4A37-4E04-B811-93AFF233D64D}
	EndGlobalSection
EndGlobal
